// !$*UTF8*$!
{
	archiveVersion = 1;
	classes = {
	};
	objectVersion = 46;
	objects = {

/* Begin PBXBuildFile section */
		72C532098FA57AC7DD9ACC07 /* libPods-YelpStudy.a in Frameworks */ = {isa = PBXBuildFile; fileRef = 77C3A2235B6A0006CBE5339A /* libPods-YelpStudy.a */; };
		F41A196D1F0ABBD100433A29 /* main.m in Sources */ = {isa = PBXBuildFile; fileRef = F41A196C1F0ABBD100433A29 /* main.m */; };
		F41A19701F0ABBD100433A29 /* AppDelegate.m in Sources */ = {isa = PBXBuildFile; fileRef = F41A196F1F0ABBD100433A29 /* AppDelegate.m */; };
		F41A19731F0ABBD100433A29 /* YelpViewController.m in Sources */ = {isa = PBXBuildFile; fileRef = F41A19721F0ABBD100433A29 /* YelpViewController.m */; };
		F41A19761F0ABBD100433A29 /* Main.storyboard in Resources */ = {isa = PBXBuildFile; fileRef = F41A19741F0ABBD100433A29 /* Main.storyboard */; };
		F41A19781F0ABBD100433A29 /* Assets.xcassets in Resources */ = {isa = PBXBuildFile; fileRef = F41A19771F0ABBD100433A29 /* Assets.xcassets */; };
		F41A197B1F0ABBD100433A29 /* LaunchScreen.storyboard in Resources */ = {isa = PBXBuildFile; fileRef = F41A19791F0ABBD100433A29 /* LaunchScreen.storyboard */; };
		F41A19861F0ABBD100433A29 /* YelpStudyTests.m in Sources */ = {isa = PBXBuildFile; fileRef = F41A19851F0ABBD100433A29 /* YelpStudyTests.m */; };
		F41A19911F0ABBD100433A29 /* YelpStudyUITests.m in Sources */ = {isa = PBXBuildFile; fileRef = F41A19901F0ABBD100433A29 /* YelpStudyUITests.m */; };
		F41A19A51F0AD6D400433A29 /* YelpNetworking.m in Sources */ = {isa = PBXBuildFile; fileRef = F41A19A41F0AD6D400433A29 /* YelpNetworking.m */; };
		F41A19A91F0B0FF300433A29 /* YelpDataModel.m in Sources */ = {isa = PBXBuildFile; fileRef = F41A19A81F0B0FF300433A29 /* YelpDataModel.m */; };
		F480438D1F0DD3210095D483 /* YelpDataStore.m in Sources */ = {isa = PBXBuildFile; fileRef = F480438C1F0DD3210095D483 /* YelpDataStore.m */; };
		F48043911F0DD4FE0095D483 /* MapViewController.m in Sources */ = {isa = PBXBuildFile; fileRef = F48043901F0DD4FE0095D483 /* MapViewController.m */; };
		F48043941F0DDC2D0095D483 /* YelpAnnotation.m in Sources */ = {isa = PBXBuildFile; fileRef = F48043931F0DDC2D0095D483 /* YelpAnnotation.m */; };
		F4A391921F107496003D2EF3 /* yelpDetailViewController.m in Sources */ = {isa = PBXBuildFile; fileRef = F4A391911F107496003D2EF3 /* yelpDetailViewController.m */; };
		F4A391961F1075C5003D2EF3 /* DetailViewHeaderTableViewCell.m in Sources */ = {isa = PBXBuildFile; fileRef = F4A391941F1075C5003D2EF3 /* DetailViewHeaderTableViewCell.m */; };
		F4A391971F1075C5003D2EF3 /* DetailViewHeaderTableViewCell.xib in Resources */ = {isa = PBXBuildFile; fileRef = F4A391951F1075C5003D2EF3 /* DetailViewHeaderTableViewCell.xib */; };
		F4A3919B1F108655003D2EF3 /* MapTableViewCell.m in Sources */ = {isa = PBXBuildFile; fileRef = F4A391991F108655003D2EF3 /* MapTableViewCell.m */; };
		F4A3919C1F108655003D2EF3 /* MapTableViewCell.xib in Resources */ = {isa = PBXBuildFile; fileRef = F4A3919A1F108655003D2EF3 /* MapTableViewCell.xib */; };
		F4CEE5161F0D723700384529 /* YelpTableViewCell.m in Sources */ = {isa = PBXBuildFile; fileRef = F4CEE5141F0D723700384529 /* YelpTableViewCell.m */; };
		F4CEE5171F0D723700384529 /* YelpTableViewCell.xib in Resources */ = {isa = PBXBuildFile; fileRef = F4CEE5151F0D723700384529 /* YelpTableViewCell.xib */; };
/* End PBXBuildFile section */

/* Begin PBXContainerItemProxy section */
		F41A19821F0ABBD100433A29 /* PBXContainerItemProxy */ = {
			isa = PBXContainerItemProxy;
			containerPortal = F41A19601F0ABBD100433A29 /* Project object */;
			proxyType = 1;
			remoteGlobalIDString = F41A19671F0ABBD100433A29;
			remoteInfo = YelpStudy;
		};
		F41A198D1F0ABBD100433A29 /* PBXContainerItemProxy */ = {
			isa = PBXContainerItemProxy;
			containerPortal = F41A19601F0ABBD100433A29 /* Project object */;
			proxyType = 1;
			remoteGlobalIDString = F41A19671F0ABBD100433A29;
			remoteInfo = YelpStudy;
		};
/* End PBXContainerItemProxy section */

/* Begin PBXFileReference section */
		41F2B473CCBF8BF58A446A1E /* Pods-YelpStudy.debug.xcconfig */ = {isa = PBXFileReference; includeInIndex = 1; lastKnownFileType = text.xcconfig; name = "Pods-YelpStudy.debug.xcconfig"; path = "Pods/Target Support Files/Pods-YelpStudy/Pods-YelpStudy.debug.xcconfig"; sourceTree = "<group>"; };
		77C3A2235B6A0006CBE5339A /* libPods-YelpStudy.a */ = {isa = PBXFileReference; explicitFileType = archive.ar; includeInIndex = 0; path = "libPods-YelpStudy.a"; sourceTree = BUILT_PRODUCTS_DIR; };
		F41A19681F0ABBD100433A29 /* YelpStudy.app */ = {isa = PBXFileReference; explicitFileType = wrapper.application; includeInIndex = 0; path = YelpStudy.app; sourceTree = BUILT_PRODUCTS_DIR; };
		F41A196C1F0ABBD100433A29 /* main.m */ = {isa = PBXFileReference; lastKnownFileType = sourcecode.c.objc; path = main.m; sourceTree = "<group>"; };
		F41A196E1F0ABBD100433A29 /* AppDelegate.h */ = {isa = PBXFileReference; lastKnownFileType = sourcecode.c.h; path = AppDelegate.h; sourceTree = "<group>"; };
		F41A196F1F0ABBD100433A29 /* AppDelegate.m */ = {isa = PBXFileReference; lastKnownFileType = sourcecode.c.objc; path = AppDelegate.m; sourceTree = "<group>"; };
		F41A19711F0ABBD100433A29 /* YelpViewController.h */ = {isa = PBXFileReference; lastKnownFileType = sourcecode.c.h; path = YelpViewController.h; sourceTree = "<group>"; };
		F41A19721F0ABBD100433A29 /* YelpViewController.m */ = {isa = PBXFileReference; lastKnownFileType = sourcecode.c.objc; path = YelpViewController.m; sourceTree = "<group>"; };
		F41A19751F0ABBD100433A29 /* Base */ = {isa = PBXFileReference; lastKnownFileType = file.storyboard; name = Base; path = Base.lproj/Main.storyboard; sourceTree = "<group>"; };
		F41A19771F0ABBD100433A29 /* Assets.xcassets */ = {isa = PBXFileReference; lastKnownFileType = folder.assetcatalog; path = Assets.xcassets; sourceTree = "<group>"; };
		F41A197A1F0ABBD100433A29 /* Base */ = {isa = PBXFileReference; lastKnownFileType = file.storyboard; name = Base; path = Base.lproj/LaunchScreen.storyboard; sourceTree = "<group>"; };
		F41A197C1F0ABBD100433A29 /* Info.plist */ = {isa = PBXFileReference; lastKnownFileType = text.plist.xml; path = Info.plist; sourceTree = "<group>"; };
		F41A19811F0ABBD100433A29 /* YelpStudyTests.xctest */ = {isa = PBXFileReference; explicitFileType = wrapper.cfbundle; includeInIndex = 0; path = YelpStudyTests.xctest; sourceTree = BUILT_PRODUCTS_DIR; };
		F41A19851F0ABBD100433A29 /* YelpStudyTests.m */ = {isa = PBXFileReference; lastKnownFileType = sourcecode.c.objc; path = YelpStudyTests.m; sourceTree = "<group>"; };
		F41A19871F0ABBD100433A29 /* Info.plist */ = {isa = PBXFileReference; lastKnownFileType = text.plist.xml; path = Info.plist; sourceTree = "<group>"; };
		F41A198C1F0ABBD100433A29 /* YelpStudyUITests.xctest */ = {isa = PBXFileReference; explicitFileType = wrapper.cfbundle; includeInIndex = 0; path = YelpStudyUITests.xctest; sourceTree = BUILT_PRODUCTS_DIR; };
		F41A19901F0ABBD100433A29 /* YelpStudyUITests.m */ = {isa = PBXFileReference; lastKnownFileType = sourcecode.c.objc; path = YelpStudyUITests.m; sourceTree = "<group>"; };
		F41A19921F0ABBD200433A29 /* Info.plist */ = {isa = PBXFileReference; lastKnownFileType = text.plist.xml; path = Info.plist; sourceTree = "<group>"; };
		F41A19A31F0AD6D400433A29 /* YelpNetworking.h */ = {isa = PBXFileReference; fileEncoding = 4; lastKnownFileType = sourcecode.c.h; path = YelpNetworking.h; sourceTree = "<group>"; };
		F41A19A41F0AD6D400433A29 /* YelpNetworking.m */ = {isa = PBXFileReference; fileEncoding = 4; lastKnownFileType = sourcecode.c.objc; path = YelpNetworking.m; sourceTree = "<group>"; };
		F41A19A71F0B0FF300433A29 /* YelpDataModel.h */ = {isa = PBXFileReference; fileEncoding = 4; lastKnownFileType = sourcecode.c.h; path = YelpDataModel.h; sourceTree = "<group>"; };
		F41A19A81F0B0FF300433A29 /* YelpDataModel.m */ = {isa = PBXFileReference; fileEncoding = 4; lastKnownFileType = sourcecode.c.objc; path = YelpDataModel.m; sourceTree = "<group>"; };
		F480438B1F0DD3210095D483 /* YelpDataStore.h */ = {isa = PBXFileReference; fileEncoding = 4; lastKnownFileType = sourcecode.c.h; path = YelpDataStore.h; sourceTree = "<group>"; };
		F480438C1F0DD3210095D483 /* YelpDataStore.m */ = {isa = PBXFileReference; fileEncoding = 4; lastKnownFileType = sourcecode.c.objc; path = YelpDataStore.m; sourceTree = "<group>"; };
		F480438F1F0DD4FE0095D483 /* MapViewController.h */ = {isa = PBXFileReference; fileEncoding = 4; lastKnownFileType = sourcecode.c.h; path = MapViewController.h; sourceTree = "<group>"; };
		F48043901F0DD4FE0095D483 /* MapViewController.m */ = {isa = PBXFileReference; fileEncoding = 4; lastKnownFileType = sourcecode.c.objc; path = MapViewController.m; sourceTree = "<group>"; };
		F48043921F0DDC2D0095D483 /* YelpAnnotation.h */ = {isa = PBXFileReference; fileEncoding = 4; lastKnownFileType = sourcecode.c.h; path = YelpAnnotation.h; sourceTree = "<group>"; };
		F48043931F0DDC2D0095D483 /* YelpAnnotation.m */ = {isa = PBXFileReference; fileEncoding = 4; lastKnownFileType = sourcecode.c.objc; path = YelpAnnotation.m; sourceTree = "<group>"; };
		F4A391901F107496003D2EF3 /* yelpDetailViewController.h */ = {isa = PBXFileReference; fileEncoding = 4; lastKnownFileType = sourcecode.c.h; path = yelpDetailViewController.h; sourceTree = "<group>"; };
		F4A391911F107496003D2EF3 /* yelpDetailViewController.m */ = {isa = PBXFileReference; fileEncoding = 4; lastKnownFileType = sourcecode.c.objc; path = yelpDetailViewController.m; sourceTree = "<group>"; };
		F4A391931F1075C5003D2EF3 /* DetailViewHeaderTableViewCell.h */ = {isa = PBXFileReference; fileEncoding = 4; lastKnownFileType = sourcecode.c.h; path = DetailViewHeaderTableViewCell.h; sourceTree = "<group>"; };
		F4A391941F1075C5003D2EF3 /* DetailViewHeaderTableViewCell.m */ = {isa = PBXFileReference; fileEncoding = 4; lastKnownFileType = sourcecode.c.objc; path = DetailViewHeaderTableViewCell.m; sourceTree = "<group>"; };
		F4A391951F1075C5003D2EF3 /* DetailViewHeaderTableViewCell.xib */ = {isa = PBXFileReference; fileEncoding = 4; lastKnownFileType = file.xib; path = DetailViewHeaderTableViewCell.xib; sourceTree = "<group>"; };
		F4A391981F108655003D2EF3 /* MapTableViewCell.h */ = {isa = PBXFileReference; fileEncoding = 4; lastKnownFileType = sourcecode.c.h; path = MapTableViewCell.h; sourceTree = "<group>"; };
		F4A391991F108655003D2EF3 /* MapTableViewCell.m */ = {isa = PBXFileReference; fileEncoding = 4; lastKnownFileType = sourcecode.c.objc; path = MapTableViewCell.m; sourceTree = "<group>"; };
		F4A3919A1F108655003D2EF3 /* MapTableViewCell.xib */ = {isa = PBXFileReference; fileEncoding = 4; lastKnownFileType = file.xib; path = MapTableViewCell.xib; sourceTree = "<group>"; };
		F4CEE5131F0D723700384529 /* YelpTableViewCell.h */ = {isa = PBXFileReference; fileEncoding = 4; lastKnownFileType = sourcecode.c.h; path = YelpTableViewCell.h; sourceTree = "<group>"; };
		F4CEE5141F0D723700384529 /* YelpTableViewCell.m */ = {isa = PBXFileReference; fileEncoding = 4; lastKnownFileType = sourcecode.c.objc; path = YelpTableViewCell.m; sourceTree = "<group>"; };
		F4CEE5151F0D723700384529 /* YelpTableViewCell.xib */ = {isa = PBXFileReference; fileEncoding = 4; lastKnownFileType = file.xib; path = YelpTableViewCell.xib; sourceTree = "<group>"; };
		F9C18F98761E46786A49B82C /* Pods-YelpStudy.release.xcconfig */ = {isa = PBXFileReference; includeInIndex = 1; lastKnownFileType = text.xcconfig; name = "Pods-YelpStudy.release.xcconfig"; path = "Pods/Target Support Files/Pods-YelpStudy/Pods-YelpStudy.release.xcconfig"; sourceTree = "<group>"; };
/* End PBXFileReference section */

/* Begin PBXFrameworksBuildPhase section */
		F41A19651F0ABBD100433A29 /* Frameworks */ = {
			isa = PBXFrameworksBuildPhase;
			buildActionMask = 2147483647;
			files = (
				72C532098FA57AC7DD9ACC07 /* libPods-YelpStudy.a in Frameworks */,
			);
			runOnlyForDeploymentPostprocessing = 0;
		};
		F41A197E1F0ABBD100433A29 /* Frameworks */ = {
			isa = PBXFrameworksBuildPhase;
			buildActionMask = 2147483647;
			files = (
			);
			runOnlyForDeploymentPostprocessing = 0;
		};
		F41A19891F0ABBD100433A29 /* Frameworks */ = {
			isa = PBXFrameworksBuildPhase;
			buildActionMask = 2147483647;
			files = (
			);
			runOnlyForDeploymentPostprocessing = 0;
		};
/* End PBXFrameworksBuildPhase section */

/* Begin PBXGroup section */
		7148B9BD5951D1DE64DFBD90 /* Frameworks */ = {
			isa = PBXGroup;
			children = (
				77C3A2235B6A0006CBE5339A /* libPods-YelpStudy.a */,
			);
			name = Frameworks;
			sourceTree = "<group>";
		};
		CE7E9123806B9877E4019A8F /* Pods */ = {
			isa = PBXGroup;
			children = (
				41F2B473CCBF8BF58A446A1E /* Pods-YelpStudy.debug.xcconfig */,
				F9C18F98761E46786A49B82C /* Pods-YelpStudy.release.xcconfig */,
			);
			name = Pods;
			sourceTree = "<group>";
		};
		F41A195F1F0ABBD100433A29 = {
			isa = PBXGroup;
			children = (
				F41A196A1F0ABBD100433A29 /* YelpStudy */,
				F41A19841F0ABBD100433A29 /* YelpStudyTests */,
				F41A198F1F0ABBD100433A29 /* YelpStudyUITests */,
				F41A19691F0ABBD100433A29 /* Products */,
				7148B9BD5951D1DE64DFBD90 /* Frameworks */,
				CE7E9123806B9877E4019A8F /* Pods */,
			);
			sourceTree = "<group>";
		};
		F41A19691F0ABBD100433A29 /* Products */ = {
			isa = PBXGroup;
			children = (
				F41A19681F0ABBD100433A29 /* YelpStudy.app */,
				F41A19811F0ABBD100433A29 /* YelpStudyTests.xctest */,
				F41A198C1F0ABBD100433A29 /* YelpStudyUITests.xctest */,
			);
			name = Products;
			sourceTree = "<group>";
		};
		F41A196A1F0ABBD100433A29 /* YelpStudy */ = {
			isa = PBXGroup;
			children = (
				F480438E1F0DD4C20095D483 /* ViewController */,
				F48043871F0DD23D0095D483 /* DataStore */,
				F4CEE5121F0D721F00384529 /* View */,
				F41A19A61F0B0FA200433A29 /* DataModel */,
				F41A19A21F0AD68C00433A29 /* Networking */,
				F41A196E1F0ABBD100433A29 /* AppDelegate.h */,
				F41A196F1F0ABBD100433A29 /* AppDelegate.m */,
				F41A19741F0ABBD100433A29 /* Main.storyboard */,
				F41A19771F0ABBD100433A29 /* Assets.xcassets */,
				F41A19791F0ABBD100433A29 /* LaunchScreen.storyboard */,
				F41A197C1F0ABBD100433A29 /* Info.plist */,
				F41A196B1F0ABBD100433A29 /* Supporting Files */,
			);
			path = YelpStudy;
			sourceTree = "<group>";
		};
		F41A196B1F0ABBD100433A29 /* Supporting Files */ = {
			isa = PBXGroup;
			children = (
				F41A196C1F0ABBD100433A29 /* main.m */,
			);
			name = "Supporting Files";
			sourceTree = "<group>";
		};
		F41A19841F0ABBD100433A29 /* YelpStudyTests */ = {
			isa = PBXGroup;
			children = (
				F41A19851F0ABBD100433A29 /* YelpStudyTests.m */,
				F41A19871F0ABBD100433A29 /* Info.plist */,
			);
			path = YelpStudyTests;
			sourceTree = "<group>";
		};
		F41A198F1F0ABBD100433A29 /* YelpStudyUITests */ = {
			isa = PBXGroup;
			children = (
				F41A19901F0ABBD100433A29 /* YelpStudyUITests.m */,
				F41A19921F0ABBD200433A29 /* Info.plist */,
			);
			path = YelpStudyUITests;
			sourceTree = "<group>";
		};
		F41A19A21F0AD68C00433A29 /* Networking */ = {
			isa = PBXGroup;
			children = (
				F41A19A31F0AD6D400433A29 /* YelpNetworking.h */,
				F41A19A41F0AD6D400433A29 /* YelpNetworking.m */,
			);
			name = Networking;
			sourceTree = "<group>";
		};
		F41A19A61F0B0FA200433A29 /* DataModel */ = {
			isa = PBXGroup;
			children = (
				F41A19A71F0B0FF300433A29 /* YelpDataModel.h */,
				F41A19A81F0B0FF300433A29 /* YelpDataModel.m */,
				F48043921F0DDC2D0095D483 /* YelpAnnotation.h */,
				F48043931F0DDC2D0095D483 /* YelpAnnotation.m */,
			);
			name = DataModel;
			sourceTree = "<group>";
		};
		F48043871F0DD23D0095D483 /* DataStore */ = {
			isa = PBXGroup;
			children = (
				F480438B1F0DD3210095D483 /* YelpDataStore.h */,
				F480438C1F0DD3210095D483 /* YelpDataStore.m */,
			);
			name = DataStore;
			sourceTree = "<group>";
		};
		F480438E1F0DD4C20095D483 /* ViewController */ = {
			isa = PBXGroup;
			children = (
				F480438F1F0DD4FE0095D483 /* MapViewController.h */,
				F48043901F0DD4FE0095D483 /* MapViewController.m */,
				F41A19711F0ABBD100433A29 /* YelpViewController.h */,
				F41A19721F0ABBD100433A29 /* YelpViewController.m */,
				F4A391901F107496003D2EF3 /* yelpDetailViewController.h */,
				F4A391911F107496003D2EF3 /* yelpDetailViewController.m */,
			);
			name = ViewController;
			sourceTree = "<group>";
		};
		F4CEE5121F0D721F00384529 /* View */ = {
			isa = PBXGroup;
			children = (
				F4CEE5131F0D723700384529 /* YelpTableViewCell.h */,
				F4CEE5141F0D723700384529 /* YelpTableViewCell.m */,
				F4CEE5151F0D723700384529 /* YelpTableViewCell.xib */,
				F4A391931F1075C5003D2EF3 /* DetailViewHeaderTableViewCell.h */,
				F4A391941F1075C5003D2EF3 /* DetailViewHeaderTableViewCell.m */,
				F4A391951F1075C5003D2EF3 /* DetailViewHeaderTableViewCell.xib */,
				F4A391981F108655003D2EF3 /* MapTableViewCell.h */,
				F4A391991F108655003D2EF3 /* MapTableViewCell.m */,
				F4A3919A1F108655003D2EF3 /* MapTableViewCell.xib */,
			);
			name = View;
			sourceTree = "<group>";
		};
/* End PBXGroup section */

/* Begin PBXNativeTarget section */
		F41A19671F0ABBD100433A29 /* YelpStudy */ = {
			isa = PBXNativeTarget;
			buildConfigurationList = F41A19951F0ABBD200433A29 /* Build configuration list for PBXNativeTarget "YelpStudy" */;
			buildPhases = (
				99213FA3554BF26DAADC8606 /* [CP] Check Pods Manifest.lock */,
				F41A19641F0ABBD100433A29 /* Sources */,
				F41A19651F0ABBD100433A29 /* Frameworks */,
				F41A19661F0ABBD100433A29 /* Resources */,
				FA95BB925996EDFD864FE1A9 /* [CP] Embed Pods Frameworks */,
				4FB88E0E3AEFB40296A56FAB /* [CP] Copy Pods Resources */,
			);
			buildRules = (
			);
			dependencies = (
			);
			name = YelpStudy;
			productName = YelpStudy;
			productReference = F41A19681F0ABBD100433A29 /* YelpStudy.app */;
			productType = "com.apple.product-type.application";
		};
		F41A19801F0ABBD100433A29 /* YelpStudyTests */ = {
			isa = PBXNativeTarget;
			buildConfigurationList = F41A19981F0ABBD200433A29 /* Build configuration list for PBXNativeTarget "YelpStudyTests" */;
			buildPhases = (
				F41A197D1F0ABBD100433A29 /* Sources */,
				F41A197E1F0ABBD100433A29 /* Frameworks */,
				F41A197F1F0ABBD100433A29 /* Resources */,
			);
			buildRules = (
			);
			dependencies = (
				F41A19831F0ABBD100433A29 /* PBXTargetDependency */,
			);
			name = YelpStudyTests;
			productName = YelpStudyTests;
			productReference = F41A19811F0ABBD100433A29 /* YelpStudyTests.xctest */;
			productType = "com.apple.product-type.bundle.unit-test";
		};
		F41A198B1F0ABBD100433A29 /* YelpStudyUITests */ = {
			isa = PBXNativeTarget;
			buildConfigurationList = F41A199B1F0ABBD200433A29 /* Build configuration list for PBXNativeTarget "YelpStudyUITests" */;
			buildPhases = (
				F41A19881F0ABBD100433A29 /* Sources */,
				F41A19891F0ABBD100433A29 /* Frameworks */,
				F41A198A1F0ABBD100433A29 /* Resources */,
			);
			buildRules = (
			);
			dependencies = (
				F41A198E1F0ABBD100433A29 /* PBXTargetDependency */,
			);
			name = YelpStudyUITests;
			productName = YelpStudyUITests;
			productReference = F41A198C1F0ABBD100433A29 /* YelpStudyUITests.xctest */;
			productType = "com.apple.product-type.bundle.ui-testing";
		};
/* End PBXNativeTarget section */

/* Begin PBXProject section */
		F41A19601F0ABBD100433A29 /* Project object */ = {
			isa = PBXProject;
			attributes = {
				LastUpgradeCheck = 0830;
				ORGANIZATIONNAME = PHX;
				TargetAttributes = {
					F41A19671F0ABBD100433A29 = {
						CreatedOnToolsVersion = 8.3.3;
						ProvisioningStyle = Automatic;
					};
					F41A19801F0ABBD100433A29 = {
						CreatedOnToolsVersion = 8.3.3;
						ProvisioningStyle = Automatic;
						TestTargetID = F41A19671F0ABBD100433A29;
					};
					F41A198B1F0ABBD100433A29 = {
						CreatedOnToolsVersion = 8.3.3;
						ProvisioningStyle = Automatic;
						TestTargetID = F41A19671F0ABBD100433A29;
					};
				};
			};
			buildConfigurationList = F41A19631F0ABBD100433A29 /* Build configuration list for PBXProject "YelpStudy" */;
			compatibilityVersion = "Xcode 3.2";
			developmentRegion = English;
			hasScannedForEncodings = 0;
			knownRegions = (
				en,
				Base,
			);
			mainGroup = F41A195F1F0ABBD100433A29;
			productRefGroup = F41A19691F0ABBD100433A29 /* Products */;
			projectDirPath = "";
			projectRoot = "";
			targets = (
				F41A19671F0ABBD100433A29 /* YelpStudy */,
				F41A19801F0ABBD100433A29 /* YelpStudyTests */,
				F41A198B1F0ABBD100433A29 /* YelpStudyUITests */,
			);
		};
/* End PBXProject section */

/* Begin PBXResourcesBuildPhase section */
		F41A19661F0ABBD100433A29 /* Resources */ = {
			isa = PBXResourcesBuildPhase;
			buildActionMask = 2147483647;
			files = (
				F41A197B1F0ABBD100433A29 /* LaunchScreen.storyboard in Resources */,
				F4A391971F1075C5003D2EF3 /* DetailViewHeaderTableViewCell.xib in Resources */,
				F41A19781F0ABBD100433A29 /* Assets.xcassets in Resources */,
				F41A19761F0ABBD100433A29 /* Main.storyboard in Resources */,
				F4A3919C1F108655003D2EF3 /* MapTableViewCell.xib in Resources */,
				F4CEE5171F0D723700384529 /* YelpTableViewCell.xib in Resources */,
			);
			runOnlyForDeploymentPostprocessing = 0;
		};
		F41A197F1F0ABBD100433A29 /* Resources */ = {
			isa = PBXResourcesBuildPhase;
			buildActionMask = 2147483647;
			files = (
			);
			runOnlyForDeploymentPostprocessing = 0;
		};
		F41A198A1F0ABBD100433A29 /* Resources */ = {
			isa = PBXResourcesBuildPhase;
			buildActionMask = 2147483647;
			files = (
			);
			runOnlyForDeploymentPostprocessing = 0;
		};
/* End PBXResourcesBuildPhase section */

/* Begin PBXShellScriptBuildPhase section */
		4FB88E0E3AEFB40296A56FAB /* [CP] Copy Pods Resources */ = {
			isa = PBXShellScriptBuildPhase;
			buildActionMask = 2147483647;
			files = (
			);
			inputPaths = (
			);
			name = "[CP] Copy Pods Resources";
			outputPaths = (
			);
			runOnlyForDeploymentPostprocessing = 0;
			shellPath = /bin/sh;
			shellScript = "\"${SRCROOT}/Pods/Target Support Files/Pods-YelpStudy/Pods-YelpStudy-resources.sh\"\n";
			showEnvVarsInLog = 0;
		};
		99213FA3554BF26DAADC8606 /* [CP] Check Pods Manifest.lock */ = {
			isa = PBXShellScriptBuildPhase;
			buildActionMask = 2147483647;
			files = (
			);
			inputPaths = (
			);
			name = "[CP] Check Pods Manifest.lock";
			outputPaths = (
			);
			runOnlyForDeploymentPostprocessing = 0;
			shellPath = /bin/sh;
			shellScript = "diff \"${PODS_PODFILE_DIR_PATH}/Podfile.lock\" \"${PODS_ROOT}/Manifest.lock\" > /dev/null\nif [ $? != 0 ] ; then\n    # print error to STDERR\n    echo \"error: The sandbox is not in sync with the Podfile.lock. Run 'pod install' or update your CocoaPods installation.\" >&2\n    exit 1\nfi\n";
			showEnvVarsInLog = 0;
		};
		FA95BB925996EDFD864FE1A9 /* [CP] Embed Pods Frameworks */ = {
			isa = PBXShellScriptBuildPhase;
			buildActionMask = 2147483647;
			files = (
			);
			inputPaths = (
			);
			name = "[CP] Embed Pods Frameworks";
			outputPaths = (
			);
			runOnlyForDeploymentPostprocessing = 0;
			shellPath = /bin/sh;
			shellScript = "\"${SRCROOT}/Pods/Target Support Files/Pods-YelpStudy/Pods-YelpStudy-frameworks.sh\"\n";
			showEnvVarsInLog = 0;
		};
/* End PBXShellScriptBuildPhase section */

/* Begin PBXSourcesBuildPhase section */
		F41A19641F0ABBD100433A29 /* Sources */ = {
			isa = PBXSourcesBuildPhase;
			buildActionMask = 2147483647;
			files = (
				F4A391961F1075C5003D2EF3 /* DetailViewHeaderTableViewCell.m in Sources */,
				F41A19731F0ABBD100433A29 /* YelpViewController.m in Sources */,
				F41A19A51F0AD6D400433A29 /* YelpNetworking.m in Sources */,
				F480438D1F0DD3210095D483 /* YelpDataStore.m in Sources */,
				F48043911F0DD4FE0095D483 /* MapViewController.m in Sources */,
				F41A19701F0ABBD100433A29 /* AppDelegate.m in Sources */,
				F4A3919B1F108655003D2EF3 /* MapTableViewCell.m in Sources */,
				F4CEE5161F0D723700384529 /* YelpTableViewCell.m in Sources */,
				F41A19A91F0B0FF300433A29 /* YelpDataModel.m in Sources */,
				F48043941F0DDC2D0095D483 /* YelpAnnotation.m in Sources */,
				F41A196D1F0ABBD100433A29 /* main.m in Sources */,
				F4A391921F107496003D2EF3 /* yelpDetailViewController.m in Sources */,
			);
			runOnlyForDeploymentPostprocessing = 0;
		};
		F41A197D1F0ABBD100433A29 /* Sources */ = {
			isa = PBXSourcesBuildPhase;
			buildActionMask = 2147483647;
			files = (
				F41A19861F0ABBD100433A29 /* YelpStudyTests.m in Sources */,
			);
			runOnlyForDeploymentPostprocessing = 0;
		};
		F41A19881F0ABBD100433A29 /* Sources */ = {
			isa = PBXSourcesBuildPhase;
			buildActionMask = 2147483647;
			files = (
				F41A19911F0ABBD100433A29 /* YelpStudyUITests.m in Sources */,
			);
			runOnlyForDeploymentPostprocessing = 0;
		};
/* End PBXSourcesBuildPhase section */

/* Begin PBXTargetDependency section */
		F41A19831F0ABBD100433A29 /* PBXTargetDependency */ = {
			isa = PBXTargetDependency;
			target = F41A19671F0ABBD100433A29 /* YelpStudy */;
			targetProxy = F41A19821F0ABBD100433A29 /* PBXContainerItemProxy */;
		};
		F41A198E1F0ABBD100433A29 /* PBXTargetDependency */ = {
			isa = PBXTargetDependency;
			target = F41A19671F0ABBD100433A29 /* YelpStudy */;
			targetProxy = F41A198D1F0ABBD100433A29 /* PBXContainerItemProxy */;
		};
/* End PBXTargetDependency section */

/* Begin PBXVariantGroup section */
		F41A19741F0ABBD100433A29 /* Main.storyboard */ = {
			isa = PBXVariantGroup;
			children = (
				F41A19751F0ABBD100433A29 /* Base */,
			);
			name = Main.storyboard;
			sourceTree = "<group>";
		};
		F41A19791F0ABBD100433A29 /* LaunchScreen.storyboard */ = {
			isa = PBXVariantGroup;
			children = (
				F41A197A1F0ABBD100433A29 /* Base */,
			);
			name = LaunchScreen.storyboard;
			sourceTree = "<group>";
		};
/* End PBXVariantGroup section */

/* Begin XCBuildConfiguration section */
		F41A19931F0ABBD200433A29 /* Debug */ = {
			isa = XCBuildConfiguration;
			buildSettings = {
				ALWAYS_SEARCH_USER_PATHS = NO;
				CLANG_ANALYZER_NONNULL = YES;
				CLANG_ANALYZER_NUMBER_OBJECT_CONVERSION = YES_AGGRESSIVE;
				CLANG_CXX_LANGUAGE_STANDARD = "gnu++0x";
				CLANG_CXX_LIBRARY = "libc++";
				CLANG_ENABLE_MODULES = YES;
				CLANG_ENABLE_OBJC_ARC = YES;
				CLANG_WARN_BOOL_CONVERSION = YES;
				CLANG_WARN_CONSTANT_CONVERSION = YES;
				CLANG_WARN_DIRECT_OBJC_ISA_USAGE = YES_ERROR;
				CLANG_WARN_DOCUMENTATION_COMMENTS = YES;
				CLANG_WARN_EMPTY_BODY = YES;
				CLANG_WARN_ENUM_CONVERSION = YES;
				CLANG_WARN_INFINITE_RECURSION = YES;
				CLANG_WARN_INT_CONVERSION = YES;
				CLANG_WARN_OBJC_ROOT_CLASS = YES_ERROR;
				CLANG_WARN_SUSPICIOUS_MOVE = YES;
				CLANG_WARN_UNREACHABLE_CODE = YES;
				CLANG_WARN__DUPLICATE_METHOD_MATCH = YES;
				"CODE_SIGN_IDENTITY[sdk=iphoneos*]" = "iPhone Developer";
				COPY_PHASE_STRIP = NO;
				DEBUG_INFORMATION_FORMAT = dwarf;
				ENABLE_STRICT_OBJC_MSGSEND = YES;
				ENABLE_TESTABILITY = YES;
				GCC_C_LANGUAGE_STANDARD = gnu99;
				GCC_DYNAMIC_NO_PIC = NO;
				GCC_NO_COMMON_BLOCKS = YES;
				GCC_OPTIMIZATION_LEVEL = 0;
				GCC_PREPROCESSOR_DEFINITIONS = (
					"DEBUG=1",
					"$(inherited)",
				);
				GCC_WARN_64_TO_32_BIT_CONVERSION = YES;
				GCC_WARN_ABOUT_RETURN_TYPE = YES_ERROR;
				GCC_WARN_UNDECLARED_SELECTOR = YES;
				GCC_WARN_UNINITIALIZED_AUTOS = YES_AGGRESSIVE;
				GCC_WARN_UNUSED_FUNCTION = YES;
				GCC_WARN_UNUSED_VARIABLE = YES;
				IPHONEOS_DEPLOYMENT_TARGET = 10.3;
				MTL_ENABLE_DEBUG_INFO = YES;
				ONLY_ACTIVE_ARCH = YES;
				SDKROOT = iphoneos;
				TARGETED_DEVICE_FAMILY = "1,2";
			};
			name = Debug;
		};
		F41A19941F0ABBD200433A29 /* Release */ = {
			isa = XCBuildConfiguration;
			buildSettings = {
				ALWAYS_SEARCH_USER_PATHS = NO;
				CLANG_ANALYZER_NONNULL = YES;
				CLANG_ANALYZER_NUMBER_OBJECT_CONVERSION = YES_AGGRESSIVE;
				CLANG_CXX_LANGUAGE_STANDARD = "gnu++0x";
				CLANG_CXX_LIBRARY = "libc++";
				CLANG_ENABLE_MODULES = YES;
				CLANG_ENABLE_OBJC_ARC = YES;
				CLANG_WARN_BOOL_CONVERSION = YES;
				CLANG_WARN_CONSTANT_CONVERSION = YES;
				CLANG_WARN_DIRECT_OBJC_ISA_USAGE = YES_ERROR;
				CLANG_WARN_DOCUMENTATION_COMMENTS = YES;
				CLANG_WARN_EMPTY_BODY = YES;
				CLANG_WARN_ENUM_CONVERSION = YES;
				CLANG_WARN_INFINITE_RECURSION = YES;
				CLANG_WARN_INT_CONVERSION = YES;
				CLANG_WARN_OBJC_ROOT_CLASS = YES_ERROR;
				CLANG_WARN_SUSPICIOUS_MOVE = YES;
				CLANG_WARN_UNREACHABLE_CODE = YES;
				CLANG_WARN__DUPLICATE_METHOD_MATCH = YES;
				"CODE_SIGN_IDENTITY[sdk=iphoneos*]" = "iPhone Developer";
				COPY_PHASE_STRIP = NO;
				DEBUG_INFORMATION_FORMAT = "dwarf-with-dsym";
				ENABLE_NS_ASSERTIONS = NO;
				ENABLE_STRICT_OBJC_MSGSEND = YES;
				GCC_C_LANGUAGE_STANDARD = gnu99;
				GCC_NO_COMMON_BLOCKS = YES;
				GCC_WARN_64_TO_32_BIT_CONVERSION = YES;
				GCC_WARN_ABOUT_RETURN_TYPE = YES_ERROR;
				GCC_WARN_UNDECLARED_SELECTOR = YES;
				GCC_WARN_UNINITIALIZED_AUTOS = YES_AGGRESSIVE;
				GCC_WARN_UNUSED_FUNCTION = YES;
				GCC_WARN_UNUSED_VARIABLE = YES;
				IPHONEOS_DEPLOYMENT_TARGET = 10.3;
				MTL_ENABLE_DEBUG_INFO = NO;
				SDKROOT = iphoneos;
				TARGETED_DEVICE_FAMILY = "1,2";
				VALIDATE_PRODUCT = YES;
			};
			name = Release;
		};
		F41A19961F0ABBD200433A29 /* Debug */ = {
			isa = XCBuildConfiguration;
			baseConfigurationReference = 41F2B473CCBF8BF58A446A1E /* Pods-YelpStudy.debug.xcconfig */;
			buildSettings = {
				ASSETCATALOG_COMPILER_APPICON_NAME = AppIcon;
				INFOPLIST_FILE = YelpStudy/Info.plist;
				LD_RUNPATH_SEARCH_PATHS = "$(inherited) @executable_path/Frameworks";
				PRODUCT_BUNDLE_IDENTIFIER = PHX.YelpStudy;
				PRODUCT_NAME = "$(TARGET_NAME)";
			};
			name = Debug;
		};
		F41A19971F0ABBD200433A29 /* Release */ = {
			isa = XCBuildConfiguration;
			baseConfigurationReference = F9C18F98761E46786A49B82C /* Pods-YelpStudy.release.xcconfig */;
			buildSettings = {
				ASSETCATALOG_COMPILER_APPICON_NAME = AppIcon;
				INFOPLIST_FILE = YelpStudy/Info.plist;
				LD_RUNPATH_SEARCH_PATHS = "$(inherited) @executable_path/Frameworks";
				PRODUCT_BUNDLE_IDENTIFIER = PHX.YelpStudy;
				PRODUCT_NAME = "$(TARGET_NAME)";
			};
			name = Release;
		};
		F41A19991F0ABBD200433A29 /* Debug */ = {
			isa = XCBuildConfiguration;
			buildSettings = {
				BUNDLE_LOADER = "$(TEST_HOST)";
				INFOPLIST_FILE = YelpStudyTests/Info.plist;
				LD_RUNPATH_SEARCH_PATHS = "$(inherited) @executable_path/Frameworks @loader_path/Frameworks";
				PRODUCT_BUNDLE_IDENTIFIER = PHX.YelpStudyTests;
				PRODUCT_NAME = "$(TARGET_NAME)";
				TEST_HOST = "$(BUILT_PRODUCTS_DIR)/YelpStudy.app/YelpStudy";
			};
			name = Debug;
		};
		F41A199A1F0ABBD200433A29 /* Release */ = {
			isa = XCBuildConfiguration;
			buildSettings = {
				BUNDLE_LOADER = "$(TEST_HOST)";
				INFOPLIST_FILE = YelpStudyTests/Info.plist;
				LD_RUNPATH_SEARCH_PATHS = "$(inherited) @executable_path/Frameworks @loader_path/Frameworks";
				PRODUCT_BUNDLE_IDENTIFIER = PHX.YelpStudyTests;
				PRODUCT_NAME = "$(TARGET_NAME)";
				TEST_HOST = "$(BUILT_PRODUCTS_DIR)/YelpStudy.app/YelpStudy";
			};
			name = Release;
		};
		F41A199C1F0ABBD200433A29 /* Debug */ = {
			isa = XCBuildConfiguration;
			buildSettings = {
				INFOPLIST_FILE = YelpStudyUITests/Info.plist;
				LD_RUNPATH_SEARCH_PATHS = "$(inherited) @executable_path/Frameworks @loader_path/Frameworks";
				PRODUCT_BUNDLE_IDENTIFIER = PHX.YelpStudyUITests;
				PRODUCT_NAME = "$(TARGET_NAME)";
				TEST_TARGET_NAME = YelpStudy;
			};
			name = Debug;
		};
		F41A199D1F0ABBD200433A29 /* Release */ = {
			isa = XCBuildConfiguration;
			buildSettings = {
				INFOPLIST_FILE = YelpStudyUITests/Info.plist;
				LD_RUNPATH_SEARCH_PATHS = "$(inherited) @executable_path/Frameworks @loader_path/Frameworks";
				PRODUCT_BUNDLE_IDENTIFIER = PHX.YelpStudyUITests;
				PRODUCT_NAME = "$(TARGET_NAME)";
				TEST_TARGET_NAME = YelpStudy;
			};
			name = Release;
		};
/* End XCBuildConfiguration section */

/* Begin XCConfigurationList section */
		F41A19631F0ABBD100433A29 /* Build configuration list for PBXProject "YelpStudy" */ = {
			isa = XCConfigurationList;
			buildConfigurations = (
				F41A19931F0ABBD200433A29 /* Debug */,
				F41A19941F0ABBD200433A29 /* Release */,
			);
			defaultConfigurationIsVisible = 0;
			defaultConfigurationName = Release;
		};
		F41A19951F0ABBD200433A29 /* Build configuration list for PBXNativeTarget "YelpStudy" */ = {
			isa = XCConfigurationList;
			buildConfigurations = (
				F41A19961F0ABBD200433A29 /* Debug */,
				F41A19971F0ABBD200433A29 /* Release */,
			);
			defaultConfigurationIsVisible = 0;
			defaultConfigurationName = Release;
		};
		F41A19981F0ABBD200433A29 /* Build configuration list for PBXNativeTarget "YelpStudyTests" */ = {
			isa = XCConfigurationList;
			buildConfigurations = (
				F41A19991F0ABBD200433A29 /* Debug */,
				F41A199A1F0ABBD200433A29 /* Release */,
			);
			defaultConfigurationIsVisible = 0;
			defaultConfigurationName = Release;
		};
		F41A199B1F0ABBD200433A29 /* Build configuration list for PBXNativeTarget "YelpStudyUITests" */ = {
			isa = XCConfigurationList;
			buildConfigurations = (
				F41A199C1F0ABBD200433A29 /* Debug */,
				F41A199D1F0ABBD200433A29 /* Release */,
			);
			defaultConfigurationIsVisible = 0;
			defaultConfigurationName = Release;
		};
/* End XCConfigurationList section */
	};
	rootObject = F41A19601F0ABBD100433A29 /* Project object */;
}
